
Microsoft Visual Studio Solution File, Format Version 12.00
# Visual Studio 15
VisualStudioVersion = 15.0.28307.271
MinimumVisualStudioVersion = 10.0.40219.1
Project("{FAE04EC0-301F-11D3-BF4B-00C04F79EFBC}") = "ProposalsManager.Android", "ProposalsManager\ProposalsManager.Android\ProposalsManager.Android.csproj", "{A3AFEA9A-973F-4B50-811D-434836DFFD06}"
EndProject
Project("{FAE04EC0-301F-11D3-BF4B-00C04F79EFBC}") = "ProposalsManager.iOS", "ProposalsManager\ProposalsManager.iOS\ProposalsManager.iOS.csproj", "{FFFFD096-A5FE-4AAC-9870-481108486334}"
EndProject
Project("{FAE04EC0-301F-11D3-BF4B-00C04F79EFBC}") = "ProposalsManager", "ProposalsManager\ProposalsManager\ProposalsManager.csproj", "{C0B9F9F2-2C56-43C3-B75D-5E1C799FC029}"
EndProject
Global
	GlobalSection(SolutionConfigurationPlatforms) = preSolution
		Ad-Hoc|Any CPU = Ad-Hoc|Any CPU
		Ad-Hoc|iPhone = Ad-Hoc|iPhone
		Ad-Hoc|iPhoneSimulator = Ad-Hoc|iPhoneSimulator
		AppStore|Any CPU = AppStore|Any CPU
		AppStore|iPhone = AppStore|iPhone
		AppStore|iPhoneSimulator = AppStore|iPhoneSimulator
		Debug|Any CPU = Debug|Any CPU
		Debug|iPhone = Debug|iPhone
		Debug|iPhoneSimulator = Debug|iPhoneSimulator
		Release|Any CPU = Release|Any CPU
		Release|iPhone = Release|iPhone
		Release|iPhoneSimulator = Release|iPhoneSimulator
	EndGlobalSection
	GlobalSection(ProjectConfigurationPlatforms) = postSolution
		{A3AFEA9A-973F-4B50-811D-434836DFFD06}.Ad-Hoc|Any CPU.ActiveCfg = Release|Any CPU
		{A3AFEA9A-973F-4B50-811D-434836DFFD06}.Ad-Hoc|Any CPU.Build.0 = Release|Any CPU
		{A3AFEA9A-973F-4B50-811D-434836DFFD06}.Ad-Hoc|Any CPU.Deploy.0 = Release|Any CPU
		{A3AFEA9A-973F-4B50-811D-434836DFFD06}.Ad-Hoc|iPhone.ActiveCfg = Release|Any CPU
		{A3AFEA9A-973F-4B50-811D-434836DFFD06}.Ad-Hoc|iPhone.Build.0 = Release|Any CPU
		{A3AFEA9A-973F-4B50-811D-434836DFFD06}.Ad-Hoc|iPhone.Deploy.0 = Release|Any CPU
		{A3AFEA9A-973F-4B50-811D-434836DFFD06}.Ad-Hoc|iPhoneSimulator.ActiveCfg = Release|Any CPU
		{A3AFEA9A-973F-4B50-811D-434836DFFD06}.Ad-Hoc|iPhoneSimulator.Build.0 = Release|Any CPU
		{A3AFEA9A-973F-4B50-811D-434836DFFD06}.Ad-Hoc|iPhoneSimulator.Deploy.0 = Release|Any CPU
		{A3AFEA9A-973F-4B50-811D-434836DFFD06}.AppStore|Any CPU.ActiveCfg = Release|Any CPU
		{A3AFEA9A-973F-4B50-811D-434836DFFD06}.AppStore|Any CPU.Build.0 = Release|Any CPU
		{A3AFEA9A-973F-4B50-811D-434836DFFD06}.AppStore|Any CPU.Deploy.0 = Release|Any CPU
		{A3AFEA9A-973F-4B50-811D-434836DFFD06}.AppStore|iPhone.ActiveCfg = Release|Any CPU
		{A3AFEA9A-973F-4B50-811D-434836DFFD06}.AppStore|iPhone.Build.0 = Release|Any CPU
		{A3AFEA9A-973F-4B50-811D-434836DFFD06}.AppStore|iPhone.Deploy.0 = Release|Any CPU
		{A3AFEA9A-973F-4B50-811D-434836DFFD06}.AppStore|iPhoneSimulator.ActiveCfg = Release|Any CPU
		{A3AFEA9A-973F-4B50-811D-434836DFFD06}.AppStore|iPhoneSimulator.Build.0 = Release|Any CPU
		{A3AFEA9A-973F-4B50-811D-434836DFFD06}.AppStore|iPhoneSimulator.Deploy.0 = Release|Any CPU
		{A3AFEA9A-973F-4B50-811D-434836DFFD06}.Debug|Any CPU.ActiveCfg = Debug|Any CPU
		{A3AFEA9A-973F-4B50-811D-434836DFFD06}.Debug|Any CPU.Build.0 = Debug|Any CPU
		{A3AFEA9A-973F-4B50-811D-434836DFFD06}.Debug|Any CPU.Deploy.0 = Debug|Any CPU
		{A3AFEA9A-973F-4B50-811D-434836DFFD06}.Debug|iPhone.ActiveCfg = Debug|Any CPU
		{A3AFEA9A-973F-4B50-811D-434836DFFD06}.Debug|iPhone.Build.0 = Debug|Any CPU
		{A3AFEA9A-973F-4B50-811D-434836DFFD06}.Debug|iPhone.Deploy.0 = Debug|Any CPU
		{A3AFEA9A-973F-4B50-811D-434836DFFD06}.Debug|iPhoneSimulator.ActiveCfg = Debug|Any CPU
		{A3AFEA9A-973F-4B50-811D-434836DFFD06}.Debug|iPhoneSimulator.Build.0 = Debug|Any CPU
		{A3AFEA9A-973F-4B50-811D-434836DFFD06}.Debug|iPhoneSimulator.Deploy.0 = Debug|Any CPU
		{A3AFEA9A-973F-4B50-811D-434836DFFD06}.Release|Any CPU.ActiveCfg = Release|Any CPU
		{A3AFEA9A-973F-4B50-811D-434836DFFD06}.Release|Any CPU.Build.0 = Release|Any CPU
		{A3AFEA9A-973F-4B50-811D-434836DFFD06}.Release|Any CPU.Deploy.0 = Release|Any CPU
		{A3AFEA9A-973F-4B50-811D-434836DFFD06}.Release|iPhone.ActiveCfg = Release|Any CPU
		{A3AFEA9A-973F-4B50-811D-434836DFFD06}.Release|iPhone.Build.0 = Release|Any CPU
		{A3AFEA9A-973F-4B50-811D-434836DFFD06}.Release|iPhone.Deploy.0 = Release|Any CPU
		{A3AFEA9A-973F-4B50-811D-434836DFFD06}.Release|iPhoneSimulator.ActiveCfg = Release|Any CPU
		{A3AFEA9A-973F-4B50-811D-434836DFFD06}.Release|iPhoneSimulator.Build.0 = Release|Any CPU
		{A3AFEA9A-973F-4B50-811D-434836DFFD06}.Release|iPhoneSimulator.Deploy.0 = Release|Any CPU
		{FFFFD096-A5FE-4AAC-9870-481108486334}.Ad-Hoc|Any CPU.ActiveCfg = Ad-Hoc|iPhone
		{FFFFD096-A5FE-4AAC-9870-481108486334}.Ad-Hoc|Any CPU.Build.0 = Ad-Hoc|iPhone
		{FFFFD096-A5FE-4AAC-9870-481108486334}.Ad-Hoc|Any CPU.Deploy.0 = Ad-Hoc|iPhone
		{FFFFD096-A5FE-4AAC-9870-481108486334}.Ad-Hoc|iPhone.ActiveCfg = Ad-Hoc|iPhone
		{FFFFD096-A5FE-4AAC-9870-481108486334}.Ad-Hoc|iPhone.Build.0 = Ad-Hoc|iPhone
		{FFFFD096-A5FE-4AAC-9870-481108486334}.Ad-Hoc|iPhone.Deploy.0 = Ad-Hoc|iPhone
		{FFFFD096-A5FE-4AAC-9870-481108486334}.Ad-Hoc|iPhoneSimulator.ActiveCfg = Ad-Hoc|iPhoneSimulator
		{FFFFD096-A5FE-4AAC-9870-481108486334}.Ad-Hoc|iPhoneSimulator.Build.0 = Ad-Hoc|iPhoneSimulator
		{FFFFD096-A5FE-4AAC-9870-481108486334}.Ad-Hoc|iPhoneSimulator.Deploy.0 = Ad-Hoc|iPhoneSimulator
		{FFFFD096-A5FE-4AAC-9870-481108486334}.AppStore|Any CPU.ActiveCfg = AppStore|iPhone
		{FFFFD096-A5FE-4AAC-9870-481108486334}.AppStore|Any CPU.Build.0 = AppStore|iPhone
		{FFFFD096-A5FE-4AAC-9870-481108486334}.AppStore|Any CPU.Deploy.0 = AppStore|iPhone
		{FFFFD096-A5FE-4AAC-9870-481108486334}.AppStore|iPhone.ActiveCfg = AppStore|iPhone
		{FFFFD096-A5FE-4AAC-9870-481108486334}.AppStore|iPhone.Build.0 = AppStore|iPhone
		{FFFFD096-A5FE-4AAC-9870-481108486334}.AppStore|iPhone.Deploy.0 = AppStore|iPhone
		{FFFFD096-A5FE-4AAC-9870-481108486334}.AppStore|iPhoneSimulator.ActiveCfg = AppStore|iPhoneSimulator
		{FFFFD096-A5FE-4AAC-9870-481108486334}.AppStore|iPhoneSimulator.Build.0 = AppStore|iPhoneSimulator
		{FFFFD096-A5FE-4AAC-9870-481108486334}.AppStore|iPhoneSimulator.Deploy.0 = AppStore|iPhoneSimulator
		{FFFFD096-A5FE-4AAC-9870-481108486334}.Debug|Any CPU.ActiveCfg = Debug|iPhoneSimulator
		{FFFFD096-A5FE-4AAC-9870-481108486334}.Debug|Any CPU.Build.0 = Debug|iPhoneSimulator
		{FFFFD096-A5FE-4AAC-9870-481108486334}.Debug|Any CPU.Deploy.0 = Debug|iPhoneSimulator
		{FFFFD096-A5FE-4AAC-9870-481108486334}.Debug|iPhone.ActiveCfg = Debug|iPhone
		{FFFFD096-A5FE-4AAC-9870-481108486334}.Debug|iPhone.Build.0 = Debug|iPhone
		{FFFFD096-A5FE-4AAC-9870-481108486334}.Debug|iPhone.Deploy.0 = Debug|iPhone
		{FFFFD096-A5FE-4AAC-9870-481108486334}.Debug|iPhoneSimulator.ActiveCfg = Debug|iPhoneSimulator
		{FFFFD096-A5FE-4AAC-9870-481108486334}.Debug|iPhoneSimulator.Build.0 = Debug|iPhoneSimulator
		{FFFFD096-A5FE-4AAC-9870-481108486334}.Debug|iPhoneSimulator.Deploy.0 = Debug|iPhoneSimulator
		{FFFFD096-A5FE-4AAC-9870-481108486334}.Release|Any CPU.ActiveCfg = Release|iPhone
		{FFFFD096-A5FE-4AAC-9870-481108486334}.Release|Any CPU.Build.0 = Release|iPhone
		{FFFFD096-A5FE-4AAC-9870-481108486334}.Release|Any CPU.Deploy.0 = Release|iPhone
		{FFFFD096-A5FE-4AAC-9870-481108486334}.Release|iPhone.ActiveCfg = Release|iPhone
		{FFFFD096-A5FE-4AAC-9870-481108486334}.Release|iPhone.Build.0 = Release|iPhone
		{FFFFD096-A5FE-4AAC-9870-481108486334}.Release|iPhone.Deploy.0 = Release|iPhone
		{FFFFD096-A5FE-4AAC-9870-481108486334}.Release|iPhoneSimulator.ActiveCfg = Release|iPhoneSimulator
		{FFFFD096-A5FE-4AAC-9870-481108486334}.Release|iPhoneSimulator.Build.0 = Release|iPhoneSimulator
		{FFFFD096-A5FE-4AAC-9870-481108486334}.Release|iPhoneSimulator.Deploy.0 = Release|iPhoneSimulator
		{C0B9F9F2-2C56-43C3-B75D-5E1C799FC029}.Ad-Hoc|Any CPU.ActiveCfg = Debug|Any CPU
		{C0B9F9F2-2C56-43C3-B75D-5E1C799FC029}.Ad-Hoc|Any CPU.Build.0 = Debug|Any CPU
		{C0B9F9F2-2C56-43C3-B75D-5E1C799FC029}.Ad-Hoc|Any CPU.Deploy.0 = Debug|Any CPU
		{C0B9F9F2-2C56-43C3-B75D-5E1C799FC029}.Ad-Hoc|iPhone.ActiveCfg = Debug|Any CPU
		{C0B9F9F2-2C56-43C3-B75D-5E1C799FC029}.Ad-Hoc|iPhone.Build.0 = Debug|Any CPU
		{C0B9F9F2-2C56-43C3-B75D-5E1C799FC029}.Ad-Hoc|iPhone.Deploy.0 = Debug|Any CPU
		{C0B9F9F2-2C56-43C3-B75D-5E1C799FC029}.Ad-Hoc|iPhoneSimulator.ActiveCfg = Debug|Any CPU
		{C0B9F9F2-2C56-43C3-B75D-5E1C799FC029}.Ad-Hoc|iPhoneSimulator.Build.0 = Debug|Any CPU
		{C0B9F9F2-2C56-43C3-B75D-5E1C799FC029}.Ad-Hoc|iPhoneSimulator.Deploy.0 = Debug|Any CPU
		{C0B9F9F2-2C56-43C3-B75D-5E1C799FC029}.AppStore|Any CPU.ActiveCfg = Debug|Any CPU
		{C0B9F9F2-2C56-43C3-B75D-5E1C799FC029}.AppStore|Any CPU.Build.0 = Debug|Any CPU
		{C0B9F9F2-2C56-43C3-B75D-5E1C799FC029}.AppStore|Any CPU.Deploy.0 = Debug|Any CPU
		{C0B9F9F2-2C56-43C3-B75D-5E1C799FC029}.AppStore|iPhone.ActiveCfg = Debug|Any CPU
		{C0B9F9F2-2C56-43C3-B75D-5E1C799FC029}.AppStore|iPhone.Build.0 = Debug|Any CPU
		{C0B9F9F2-2C56-43C3-B75D-5E1C799FC029}.AppStore|iPhone.Deploy.0 = Debug|Any CPU
		{C0B9F9F2-2C56-43C3-B75D-5E1C799FC029}.AppStore|iPhoneSimulator.ActiveCfg = Debug|Any CPU
		{C0B9F9F2-2C56-43C3-B75D-5E1C799FC029}.AppStore|iPhoneSimulator.Build.0 = Debug|Any CPU
		{C0B9F9F2-2C56-43C3-B75D-5E1C799FC029}.AppStore|iPhoneSimulator.Deploy.0 = Debug|Any CPU
		{C0B9F9F2-2C56-43C3-B75D-5E1C799FC029}.Debug|Any CPU.ActiveCfg = Debug|Any CPU
		{C0B9F9F2-2C56-43C3-B75D-5E1C799FC029}.Debug|Any CPU.Build.0 = Debug|Any CPU
		{C0B9F9F2-2C56-43C3-B75D-5E1C799FC029}.Debug|Any CPU.Deploy.0 = Debug|Any CPU
		{C0B9F9F2-2C56-43C3-B75D-5E1C799FC029}.Debug|iPhone.ActiveCfg = Debug|Any CPU
		{C0B9F9F2-2C56-43C3-B75D-5E1C799FC029}.Debug|iPhone.Build.0 = Debug|Any CPU
		{C0B9F9F2-2C56-43C3-B75D-5E1C799FC029}.Debug|iPhone.Deploy.0 = Debug|Any CPU
		{C0B9F9F2-2C56-43C3-B75D-5E1C799FC029}.Debug|iPhoneSimulator.ActiveCfg = Debug|Any CPU
		{C0B9F9F2-2C56-43C3-B75D-5E1C799FC029}.Debug|iPhoneSimulator.Build.0 = Debug|Any CPU
		{C0B9F9F2-2C56-43C3-B75D-5E1C799FC029}.Debug|iPhoneSimulator.Deploy.0 = Debug|Any CPU
		{C0B9F9F2-2C56-43C3-B75D-5E1C799FC029}.Release|Any CPU.ActiveCfg = Release|Any CPU
		{C0B9F9F2-2C56-43C3-B75D-5E1C799FC029}.Release|Any CPU.Build.0 = Release|Any CPU
		{C0B9F9F2-2C56-43C3-B75D-5E1C799FC029}.Release|Any CPU.Deploy.0 = Release|Any CPU
		{C0B9F9F2-2C56-43C3-B75D-5E1C799FC029}.Release|iPhone.ActiveCfg = Release|Any CPU
		{C0B9F9F2-2C56-43C3-B75D-5E1C799FC029}.Release|iPhone.Build.0 = Release|Any CPU
		{C0B9F9F2-2C56-43C3-B75D-5E1C799FC029}.Release|iPhone.Deploy.0 = Release|Any CPU
		{C0B9F9F2-2C56-43C3-B75D-5E1C799FC029}.Release|iPhoneSimulator.ActiveCfg = Release|Any CPU
		{C0B9F9F2-2C56-43C3-B75D-5E1C799FC029}.Release|iPhoneSimulator.Build.0 = Release|Any CPU
		{C0B9F9F2-2C56-43C3-B75D-5E1C799FC029}.Release|iPhoneSimulator.Deploy.0 = Release|Any CPU
	EndGlobalSection
	GlobalSection(SolutionProperties) = preSolution
		HideSolutionNode = FALSE
	EndGlobalSection
	GlobalSection(ExtensibilityGlobals) = postSolution
		SolutionGuid = {D454E103-08CB-49E5-A222-39F71DCC15D9}
	EndGlobalSection
EndGlobal
