
Microsoft Visual Studio Solution File, Format Version 12.00
# Visual Studio 15
VisualStudioVersion = 15.0.28307.271
MinimumVisualStudioVersion = 10.0.40219.1
Project("{FAE04EC0-301F-11D3-BF4B-00C04F79EFBC}") = "Notes.Android", "Notes\Notes.Android\Notes.Android.csproj", "{21E8D70F-3737-4311-9024-53BA3BDBA9DE}"
EndProject
Project("{FAE04EC0-301F-11D3-BF4B-00C04F79EFBC}") = "Notes.iOS", "Notes\Notes.iOS\Notes.iOS.csproj", "{613321A6-5125-4430-9B77-B251840FA541}"
EndProject
Project("{FAE04EC0-301F-11D3-BF4B-00C04F79EFBC}") = "Notes", "Notes\Notes\Notes.csproj", "{3306351B-057B-40D0-8369-BE3CE1207D39}"
EndProject
Global
	GlobalSection(SolutionConfigurationPlatforms) = preSolution
		Ad-Hoc|Any CPU = Ad-Hoc|Any CPU
		Ad-Hoc|iPhone = Ad-Hoc|iPhone
		Ad-Hoc|iPhoneSimulator = Ad-Hoc|iPhoneSimulator
		AppStore|Any CPU = AppStore|Any CPU
		AppStore|iPhone = AppStore|iPhone
		AppStore|iPhoneSimulator = AppStore|iPhoneSimulator
		Debug|Any CPU = Debug|Any CPU
		Debug|iPhone = Debug|iPhone
		Debug|iPhoneSimulator = Debug|iPhoneSimulator
		Release|Any CPU = Release|Any CPU
		Release|iPhone = Release|iPhone
		Release|iPhoneSimulator = Release|iPhoneSimulator
	EndGlobalSection
	GlobalSection(ProjectConfigurationPlatforms) = postSolution
		{21E8D70F-3737-4311-9024-53BA3BDBA9DE}.Ad-Hoc|Any CPU.ActiveCfg = Release|Any CPU
		{21E8D70F-3737-4311-9024-53BA3BDBA9DE}.Ad-Hoc|Any CPU.Build.0 = Release|Any CPU
		{21E8D70F-3737-4311-9024-53BA3BDBA9DE}.Ad-Hoc|Any CPU.Deploy.0 = Release|Any CPU
		{21E8D70F-3737-4311-9024-53BA3BDBA9DE}.Ad-Hoc|iPhone.ActiveCfg = Release|Any CPU
		{21E8D70F-3737-4311-9024-53BA3BDBA9DE}.Ad-Hoc|iPhone.Build.0 = Release|Any CPU
		{21E8D70F-3737-4311-9024-53BA3BDBA9DE}.Ad-Hoc|iPhone.Deploy.0 = Release|Any CPU
		{21E8D70F-3737-4311-9024-53BA3BDBA9DE}.Ad-Hoc|iPhoneSimulator.ActiveCfg = Release|Any CPU
		{21E8D70F-3737-4311-9024-53BA3BDBA9DE}.Ad-Hoc|iPhoneSimulator.Build.0 = Release|Any CPU
		{21E8D70F-3737-4311-9024-53BA3BDBA9DE}.Ad-Hoc|iPhoneSimulator.Deploy.0 = Release|Any CPU
		{21E8D70F-3737-4311-9024-53BA3BDBA9DE}.AppStore|Any CPU.ActiveCfg = Release|Any CPU
		{21E8D70F-3737-4311-9024-53BA3BDBA9DE}.AppStore|Any CPU.Build.0 = Release|Any CPU
		{21E8D70F-3737-4311-9024-53BA3BDBA9DE}.AppStore|Any CPU.Deploy.0 = Release|Any CPU
		{21E8D70F-3737-4311-9024-53BA3BDBA9DE}.AppStore|iPhone.ActiveCfg = Release|Any CPU
		{21E8D70F-3737-4311-9024-53BA3BDBA9DE}.AppStore|iPhone.Build.0 = Release|Any CPU
		{21E8D70F-3737-4311-9024-53BA3BDBA9DE}.AppStore|iPhone.Deploy.0 = Release|Any CPU
		{21E8D70F-3737-4311-9024-53BA3BDBA9DE}.AppStore|iPhoneSimulator.ActiveCfg = Release|Any CPU
		{21E8D70F-3737-4311-9024-53BA3BDBA9DE}.AppStore|iPhoneSimulator.Build.0 = Release|Any CPU
		{21E8D70F-3737-4311-9024-53BA3BDBA9DE}.AppStore|iPhoneSimulator.Deploy.0 = Release|Any CPU
		{21E8D70F-3737-4311-9024-53BA3BDBA9DE}.Debug|Any CPU.ActiveCfg = Debug|Any CPU
		{21E8D70F-3737-4311-9024-53BA3BDBA9DE}.Debug|Any CPU.Build.0 = Debug|Any CPU
		{21E8D70F-3737-4311-9024-53BA3BDBA9DE}.Debug|Any CPU.Deploy.0 = Debug|Any CPU
		{21E8D70F-3737-4311-9024-53BA3BDBA9DE}.Debug|iPhone.ActiveCfg = Debug|Any CPU
		{21E8D70F-3737-4311-9024-53BA3BDBA9DE}.Debug|iPhone.Build.0 = Debug|Any CPU
		{21E8D70F-3737-4311-9024-53BA3BDBA9DE}.Debug|iPhone.Deploy.0 = Debug|Any CPU
		{21E8D70F-3737-4311-9024-53BA3BDBA9DE}.Debug|iPhoneSimulator.ActiveCfg = Debug|Any CPU
		{21E8D70F-3737-4311-9024-53BA3BDBA9DE}.Debug|iPhoneSimulator.Build.0 = Debug|Any CPU
		{21E8D70F-3737-4311-9024-53BA3BDBA9DE}.Debug|iPhoneSimulator.Deploy.0 = Debug|Any CPU
		{21E8D70F-3737-4311-9024-53BA3BDBA9DE}.Release|Any CPU.ActiveCfg = Release|Any CPU
		{21E8D70F-3737-4311-9024-53BA3BDBA9DE}.Release|Any CPU.Build.0 = Release|Any CPU
		{21E8D70F-3737-4311-9024-53BA3BDBA9DE}.Release|Any CPU.Deploy.0 = Release|Any CPU
		{21E8D70F-3737-4311-9024-53BA3BDBA9DE}.Release|iPhone.ActiveCfg = Release|Any CPU
		{21E8D70F-3737-4311-9024-53BA3BDBA9DE}.Release|iPhone.Build.0 = Release|Any CPU
		{21E8D70F-3737-4311-9024-53BA3BDBA9DE}.Release|iPhone.Deploy.0 = Release|Any CPU
		{21E8D70F-3737-4311-9024-53BA3BDBA9DE}.Release|iPhoneSimulator.ActiveCfg = Release|Any CPU
		{21E8D70F-3737-4311-9024-53BA3BDBA9DE}.Release|iPhoneSimulator.Build.0 = Release|Any CPU
		{21E8D70F-3737-4311-9024-53BA3BDBA9DE}.Release|iPhoneSimulator.Deploy.0 = Release|Any CPU
		{613321A6-5125-4430-9B77-B251840FA541}.Ad-Hoc|Any CPU.ActiveCfg = Ad-Hoc|iPhone
		{613321A6-5125-4430-9B77-B251840FA541}.Ad-Hoc|Any CPU.Build.0 = Ad-Hoc|iPhone
		{613321A6-5125-4430-9B77-B251840FA541}.Ad-Hoc|Any CPU.Deploy.0 = Ad-Hoc|iPhone
		{613321A6-5125-4430-9B77-B251840FA541}.Ad-Hoc|iPhone.ActiveCfg = Ad-Hoc|iPhone
		{613321A6-5125-4430-9B77-B251840FA541}.Ad-Hoc|iPhone.Build.0 = Ad-Hoc|iPhone
		{613321A6-5125-4430-9B77-B251840FA541}.Ad-Hoc|iPhone.Deploy.0 = Ad-Hoc|iPhone
		{613321A6-5125-4430-9B77-B251840FA541}.Ad-Hoc|iPhoneSimulator.ActiveCfg = Ad-Hoc|iPhoneSimulator
		{613321A6-5125-4430-9B77-B251840FA541}.Ad-Hoc|iPhoneSimulator.Build.0 = Ad-Hoc|iPhoneSimulator
		{613321A6-5125-4430-9B77-B251840FA541}.Ad-Hoc|iPhoneSimulator.Deploy.0 = Ad-Hoc|iPhoneSimulator
		{613321A6-5125-4430-9B77-B251840FA541}.AppStore|Any CPU.ActiveCfg = AppStore|iPhone
		{613321A6-5125-4430-9B77-B251840FA541}.AppStore|Any CPU.Build.0 = AppStore|iPhone
		{613321A6-5125-4430-9B77-B251840FA541}.AppStore|Any CPU.Deploy.0 = AppStore|iPhone
		{613321A6-5125-4430-9B77-B251840FA541}.AppStore|iPhone.ActiveCfg = AppStore|iPhone
		{613321A6-5125-4430-9B77-B251840FA541}.AppStore|iPhone.Build.0 = AppStore|iPhone
		{613321A6-5125-4430-9B77-B251840FA541}.AppStore|iPhone.Deploy.0 = AppStore|iPhone
		{613321A6-5125-4430-9B77-B251840FA541}.AppStore|iPhoneSimulator.ActiveCfg = AppStore|iPhoneSimulator
		{613321A6-5125-4430-9B77-B251840FA541}.AppStore|iPhoneSimulator.Build.0 = AppStore|iPhoneSimulator
		{613321A6-5125-4430-9B77-B251840FA541}.AppStore|iPhoneSimulator.Deploy.0 = AppStore|iPhoneSimulator
		{613321A6-5125-4430-9B77-B251840FA541}.Debug|Any CPU.ActiveCfg = Debug|iPhoneSimulator
		{613321A6-5125-4430-9B77-B251840FA541}.Debug|Any CPU.Build.0 = Debug|iPhoneSimulator
		{613321A6-5125-4430-9B77-B251840FA541}.Debug|Any CPU.Deploy.0 = Debug|iPhoneSimulator
		{613321A6-5125-4430-9B77-B251840FA541}.Debug|iPhone.ActiveCfg = Debug|iPhone
		{613321A6-5125-4430-9B77-B251840FA541}.Debug|iPhone.Build.0 = Debug|iPhone
		{613321A6-5125-4430-9B77-B251840FA541}.Debug|iPhone.Deploy.0 = Debug|iPhone
		{613321A6-5125-4430-9B77-B251840FA541}.Debug|iPhoneSimulator.ActiveCfg = Debug|iPhoneSimulator
		{613321A6-5125-4430-9B77-B251840FA541}.Debug|iPhoneSimulator.Build.0 = Debug|iPhoneSimulator
		{613321A6-5125-4430-9B77-B251840FA541}.Debug|iPhoneSimulator.Deploy.0 = Debug|iPhoneSimulator
		{613321A6-5125-4430-9B77-B251840FA541}.Release|Any CPU.ActiveCfg = Release|iPhone
		{613321A6-5125-4430-9B77-B251840FA541}.Release|Any CPU.Build.0 = Release|iPhone
		{613321A6-5125-4430-9B77-B251840FA541}.Release|Any CPU.Deploy.0 = Release|iPhone
		{613321A6-5125-4430-9B77-B251840FA541}.Release|iPhone.ActiveCfg = Release|iPhone
		{613321A6-5125-4430-9B77-B251840FA541}.Release|iPhone.Build.0 = Release|iPhone
		{613321A6-5125-4430-9B77-B251840FA541}.Release|iPhone.Deploy.0 = Release|iPhone
		{613321A6-5125-4430-9B77-B251840FA541}.Release|iPhoneSimulator.ActiveCfg = Release|iPhoneSimulator
		{613321A6-5125-4430-9B77-B251840FA541}.Release|iPhoneSimulator.Build.0 = Release|iPhoneSimulator
		{613321A6-5125-4430-9B77-B251840FA541}.Release|iPhoneSimulator.Deploy.0 = Release|iPhoneSimulator
		{3306351B-057B-40D0-8369-BE3CE1207D39}.Ad-Hoc|Any CPU.ActiveCfg = Debug|Any CPU
		{3306351B-057B-40D0-8369-BE3CE1207D39}.Ad-Hoc|Any CPU.Build.0 = Debug|Any CPU
		{3306351B-057B-40D0-8369-BE3CE1207D39}.Ad-Hoc|Any CPU.Deploy.0 = Debug|Any CPU
		{3306351B-057B-40D0-8369-BE3CE1207D39}.Ad-Hoc|iPhone.ActiveCfg = Debug|Any CPU
		{3306351B-057B-40D0-8369-BE3CE1207D39}.Ad-Hoc|iPhone.Build.0 = Debug|Any CPU
		{3306351B-057B-40D0-8369-BE3CE1207D39}.Ad-Hoc|iPhone.Deploy.0 = Debug|Any CPU
		{3306351B-057B-40D0-8369-BE3CE1207D39}.Ad-Hoc|iPhoneSimulator.ActiveCfg = Debug|Any CPU
		{3306351B-057B-40D0-8369-BE3CE1207D39}.Ad-Hoc|iPhoneSimulator.Build.0 = Debug|Any CPU
		{3306351B-057B-40D0-8369-BE3CE1207D39}.Ad-Hoc|iPhoneSimulator.Deploy.0 = Debug|Any CPU
		{3306351B-057B-40D0-8369-BE3CE1207D39}.AppStore|Any CPU.ActiveCfg = Debug|Any CPU
		{3306351B-057B-40D0-8369-BE3CE1207D39}.AppStore|Any CPU.Build.0 = Debug|Any CPU
		{3306351B-057B-40D0-8369-BE3CE1207D39}.AppStore|Any CPU.Deploy.0 = Debug|Any CPU
		{3306351B-057B-40D0-8369-BE3CE1207D39}.AppStore|iPhone.ActiveCfg = Debug|Any CPU
		{3306351B-057B-40D0-8369-BE3CE1207D39}.AppStore|iPhone.Build.0 = Debug|Any CPU
		{3306351B-057B-40D0-8369-BE3CE1207D39}.AppStore|iPhone.Deploy.0 = Debug|Any CPU
		{3306351B-057B-40D0-8369-BE3CE1207D39}.AppStore|iPhoneSimulator.ActiveCfg = Debug|Any CPU
		{3306351B-057B-40D0-8369-BE3CE1207D39}.AppStore|iPhoneSimulator.Build.0 = Debug|Any CPU
		{3306351B-057B-40D0-8369-BE3CE1207D39}.AppStore|iPhoneSimulator.Deploy.0 = Debug|Any CPU
		{3306351B-057B-40D0-8369-BE3CE1207D39}.Debug|Any CPU.ActiveCfg = Debug|Any CPU
		{3306351B-057B-40D0-8369-BE3CE1207D39}.Debug|Any CPU.Build.0 = Debug|Any CPU
		{3306351B-057B-40D0-8369-BE3CE1207D39}.Debug|Any CPU.Deploy.0 = Debug|Any CPU
		{3306351B-057B-40D0-8369-BE3CE1207D39}.Debug|iPhone.ActiveCfg = Debug|Any CPU
		{3306351B-057B-40D0-8369-BE3CE1207D39}.Debug|iPhone.Build.0 = Debug|Any CPU
		{3306351B-057B-40D0-8369-BE3CE1207D39}.Debug|iPhone.Deploy.0 = Debug|Any CPU
		{3306351B-057B-40D0-8369-BE3CE1207D39}.Debug|iPhoneSimulator.ActiveCfg = Debug|Any CPU
		{3306351B-057B-40D0-8369-BE3CE1207D39}.Debug|iPhoneSimulator.Build.0 = Debug|Any CPU
		{3306351B-057B-40D0-8369-BE3CE1207D39}.Debug|iPhoneSimulator.Deploy.0 = Debug|Any CPU
		{3306351B-057B-40D0-8369-BE3CE1207D39}.Release|Any CPU.ActiveCfg = Release|Any CPU
		{3306351B-057B-40D0-8369-BE3CE1207D39}.Release|Any CPU.Build.0 = Release|Any CPU
		{3306351B-057B-40D0-8369-BE3CE1207D39}.Release|Any CPU.Deploy.0 = Release|Any CPU
		{3306351B-057B-40D0-8369-BE3CE1207D39}.Release|iPhone.ActiveCfg = Release|Any CPU
		{3306351B-057B-40D0-8369-BE3CE1207D39}.Release|iPhone.Build.0 = Release|Any CPU
		{3306351B-057B-40D0-8369-BE3CE1207D39}.Release|iPhone.Deploy.0 = Release|Any CPU
		{3306351B-057B-40D0-8369-BE3CE1207D39}.Release|iPhoneSimulator.ActiveCfg = Release|Any CPU
		{3306351B-057B-40D0-8369-BE3CE1207D39}.Release|iPhoneSimulator.Build.0 = Release|Any CPU
		{3306351B-057B-40D0-8369-BE3CE1207D39}.Release|iPhoneSimulator.Deploy.0 = Release|Any CPU
	EndGlobalSection
	GlobalSection(SolutionProperties) = preSolution
		HideSolutionNode = FALSE
	EndGlobalSection
	GlobalSection(ExtensibilityGlobals) = postSolution
		SolutionGuid = {1A1E0336-CE28-4CF2-A242-E9DBA9F05464}
	EndGlobalSection
EndGlobal
